
Microsoft Visual Studio Solution File, Format Version 12.00
# Visual Studio Version 17
VisualStudioVersion = 17.4.33213.308
MinimumVisualStudioVersion = 10.0.40219.1
Project("{FAE04EC0-301F-11D3-BF4B-00C04F79EFBC}") = "FluxoDeCaixa", "FluxoDeCaixa\FluxoDeCaixa.csproj", "{EB687EDC-8A6C-4DAA-8BA0-345BDB723E76}"
EndProject
Project("{FAE04EC0-301F-11D3-BF4B-00C04F79EFBC}") = "FluxoDeCaixaTests", "FluxoDeCaixaTests\FluxoDeCaixaTests.csproj", "{C2677474-A59C-4102-9778-9587C3D5427D}"
EndProject
Global
	GlobalSection(SolutionConfigurationPlatforms) = preSolution
		Debug|Any CPU = Debug|Any CPU
		Release|Any CPU = Release|Any CPU
	EndGlobalSection
	GlobalSection(ProjectConfigurationPlatforms) = postSolution
		{EB687EDC-8A6C-4DAA-8BA0-345BDB723E76}.Debug|Any CPU.ActiveCfg = Debug|Any CPU
		{EB687EDC-8A6C-4DAA-8BA0-345BDB723E76}.Debug|Any CPU.Build.0 = Debug|Any CPU
		{EB687EDC-8A6C-4DAA-8BA0-345BDB723E76}.Release|Any CPU.ActiveCfg = Release|Any CPU
		{EB687EDC-8A6C-4DAA-8BA0-345BDB723E76}.Release|Any CPU.Build.0 = Release|Any CPU
		{C2677474-A59C-4102-9778-9587C3D5427D}.Debug|Any CPU.ActiveCfg = Debug|Any CPU
		{C2677474-A59C-4102-9778-9587C3D5427D}.Debug|Any CPU.Build.0 = Debug|Any CPU
		{C2677474-A59C-4102-9778-9587C3D5427D}.Release|Any CPU.ActiveCfg = Release|Any CPU
		{C2677474-A59C-4102-9778-9587C3D5427D}.Release|Any CPU.Build.0 = Release|Any CPU
	EndGlobalSection
	GlobalSection(SolutionProperties) = preSolution
		HideSolutionNode = FALSE
	EndGlobalSection
	GlobalSection(ExtensibilityGlobals) = postSolution
		SolutionGuid = {5C405ABD-6964-4D3D-96DD-B8C30D122D08}
	EndGlobalSection
EndGlobal
